<?xml version="1.0" encoding="utf-8"?>
<Project ToolsVersion="4.0" xmlns="http://schemas.microsoft.com/developer/msbuild/2003">
  <ItemGroup>
    <Filter Include="Source Files">
      <UniqueIdentifier>{4FC737F1-C7A5-4376-A066-2A32D752A2FF}</UniqueIdentifier>
      <Extensions>cpp;c;cc;cxx;c++;def;odl;idl;hpj;bat;asm;asmx</Extensions>
    </Filter>
    <Filter Include="Header Files">
      <UniqueIdentifier>{93995380-89BD-4b04-88EB-625FBE52EBFB}</UniqueIdentifier>
      <Extensions>h;hh;hpp;hxx;h++;hm;inl;inc;ipp;xsd</Extensions>
    </Filter>
    <Filter Include="Resource Files">
      <UniqueIdentifier>{67DA6AB6-F800-4c08-8B7A-83BB121AAD01}</UniqueIdentifier>
      <Extensions>rc;ico;cur;bmp;dlg;rc2;rct;bin;rgs;gif;jpg;jpeg;jpe;resx;tiff;tif;png;wav;mfcribbon-ms</Extensions>
    </Filter>
  </ItemGroup>
  <ItemGroup>
    <ClCompile Include="main.cpp">
      <Filter>Source Files</Filter>
    </ClCompile>
    <ClCompile Include="system\drivers\RenderDriver.cpp">
      <Filter>Source Files</Filter>
    </ClCompile>
    <ClCompile Include="system\Application.cpp">
      <Filter>Source Files</Filter>
    </ClCompile>
    <ClCompile Include="system\drivers\OSDriver.cpp">
      <Filter>Source Files</Filter>
    </ClCompile>
    <ClCompile Include="stdafx.cpp">
      <Filter>Source Files</Filter>
    </ClCompile>
    <ClCompile Include="system\input\InputManager.cpp">
      <Filter>Source Files</Filter>
    </ClCompile>
    <ClCompile Include="system\drivers\win\dx\DX12Driver.cpp">
      <Filter>Source Files</Filter>
    </ClCompile>
    <ClCompile Include="system\drivers\win\os\WinDriver.cpp">
      <Filter>Source Files</Filter>
    </ClCompile>
    <ClCompile Include="system\ecs\ECSManager.cpp">
      <Filter>Source Files</Filter>
    </ClCompile>
    <ClCompile Include="system\ecs\IComponent.cpp">
      <Filter>Source Files</Filter>
    </ClCompile>
    <ClCompile Include="system\ecs\EntityComponentPool.cpp">
      <Filter>Source Files</Filter>
    </ClCompile>
    <ClCompile Include="system\ecs\ISystem.cpp">
      <Filter>Source Files</Filter>
    </ClCompile>
    <ClCompile Include="system\ecs\Entity.cpp">
      <Filter>Source Files</Filter>
    </ClCompile>
    <ClCompile Include="system\drivers\win\dx\DX12RenderTarget.cpp">
      <Filter>Source Files</Filter>
    </ClCompile>
    <ClCompile Include="system\drivers\win\dx\render_commands\SetupSimplePixelShaderCommand.cpp">
      <Filter>Source Files</Filter>
    </ClCompile>
    <ClCompile Include="system\drivers\win\dx\render_commands\DrawMeshCommand.cpp">
      <Filter>Source Files</Filter>
    </ClCompile>
    <ClCompile Include="system\drivers\win\dx\render_commands\DX12RenderCommandFactory.cpp">
      <Filter>Source Files</Filter>
    </ClCompile>
    <ClCompile Include="system\ecs\systems\Render2DSystem.cpp">
      <Filter>Source Files</Filter>
    </ClCompile>
    <ClCompile Include="system\ecs\systems\platform_specific\win\InitializeRenderComponentsSystem.cpp">
      <Filter>Source Files</Filter>
    </ClCompile>
    <ClCompile Include="system\drivers\win\dx\resource\DX12Resource.cpp">
      <Filter>Source Files</Filter>
    </ClCompile>
    <ClCompile Include="system\drivers\win\dx\resource\DX12Buffer.cpp">
      <Filter>Source Files</Filter>
    </ClCompile>
    <ClCompile Include="system\drivers\win\dx\pipeline\DX12CommandList.cpp">
      <Filter>Source Files</Filter>
    </ClCompile>
    <ClCompile Include="system\drivers\win\dx\pipeline\DX12CommandQueue.cpp">
      <Filter>Source Files</Filter>
    </ClCompile>
    <ClCompile Include="system\drivers\win\dx\resource_management\DX12DescriptorAllocation.cpp">
      <Filter>Source Files</Filter>
    </ClCompile>
    <ClCompile Include="system\drivers\win\dx\resource_management\DX12DescriptorAllocator.cpp">
      <Filter>Source Files</Filter>
    </ClCompile>
    <ClCompile Include="system\drivers\win\dx\resource_management\DX12DescriptorAllocatorPage.cpp">
      <Filter>Source Files</Filter>
    </ClCompile>
    <ClCompile Include="system\drivers\win\dx\resource_management\DX12DynamicDescriptorHeap.cpp">
      <Filter>Source Files</Filter>
    </ClCompile>
    <ClCompile Include="system\drivers\win\dx\helpers\DX12GenerateMipsPSO.cpp">
      <Filter>Source Files</Filter>
    </ClCompile>
    <ClCompile Include="system\drivers\win\dx\resource_management\DX12ResourceStateTracker.cpp">
      <Filter>Source Files</Filter>
    </ClCompile>
    <ClCompile Include="system\drivers\win\dx\pipeline\DX12RootSignature.cpp">
      <Filter>Source Files</Filter>
    </ClCompile>
    <ClCompile Include="system\drivers\win\dx\resource\DX12Texture.cpp">
      <Filter>Source Files</Filter>
    </ClCompile>
    <ClCompile Include="system\drivers\win\dx\resource\DX12VertexBuffer.cpp">
      <Filter>Source Files</Filter>
    </ClCompile>
    <ClCompile Include="system\drivers\win\dx\resource_management\DX12UploadBuffer.cpp">
      <Filter>Source Files</Filter>
    </ClCompile>
    <ClCompile Include="system\drivers\win\dx\resource\DX12ByteAddressBuffer.cpp">
      <Filter>Source Files</Filter>
    </ClCompile>
    <ClCompile Include="system\drivers\win\dx\resource\DX12ConstantBuffer.cpp">
      <Filter>Source Files</Filter>
    </ClCompile>
    <ClCompile Include="utils\types\HighResolutionClock.cpp">
      <Filter>Source Files</Filter>
    </ClCompile>
    <ClCompile Include="system\drivers\win\dx\resource\DX12IndexBuffer.cpp">
      <Filter>Source Files</Filter>
    </ClCompile>
    <ClCompile Include="system\drivers\win\dx\helpers\DX12PanoToCubemapPSO.cpp">
      <Filter>Source Files</Filter>
    </ClCompile>
    <ClCompile Include="system\drivers\win\dx\resource\DX12StructuredBuffer.cpp">
      <Filter>Source Files</Filter>
    </ClCompile>
    <ClCompile Include="system\drivers\win\dx\helpers\directX_utils.cpp">
      <Filter>Source Files</Filter>
    </ClCompile>
    <ClCompile Include="system\drivers\win\os\helpers\win_utils.cpp">
      <Filter>Source Files</Filter>
    </ClCompile>
    <ClCompile Include="system\ecs\systems\LevelLoadingSystem.cpp">
      <Filter>Source Files</Filter>
    </ClCompile>
    <ClCompile Include="utils\math\vector.cpp">
      <Filter>Source Files</Filter>
    </ClCompile>
    <ClCompile Include="utils\math\matrix.cpp">
      <Filter>Source Files</Filter>
    </ClCompile>
    <ClCompile Include="system\ecs\systems\WIP_System.cpp">
      <Filter>Source Files</Filter>
    </ClCompile>
    <ClCompile Include="system\drivers\win\dx\render_commands\SetupAABBPixelShaderCommand.cpp">
      <Filter>Source Files</Filter>
    </ClCompile>
    <ClCompile Include="system\ecs\systems\PhysicsSystem.cpp">
      <Filter>Source Files</Filter>
    </ClCompile>
    <ClCompile Include="utils\types\QuadTree.cpp">
      <Filter>Source Files</Filter>
    </ClCompile>
    <ClCompile Include="utils\math\algorithms\CollisionDetectionGJK.cpp">
      <Filter>Source Files</Filter>
    </ClCompile>
    <ClCompile Include="utils\math\algorithms\CollisionDetectionSAT.cpp">
      <Filter>Source Files</Filter>
    </ClCompile>
    <ClCompile Include="system\ecs\systems\InitializePhysicsComponentsSystem.cpp">
      <Filter>Source Files</Filter>
    </ClCompile>
    <ClCompile Include="utils\types\arithmetic.cpp">
      <Filter>Source Files</Filter>
    </ClCompile>
    <ClCompile Include="system\ecs\SystemsPool.cpp">
      <Filter>Source Files</Filter>
    </ClCompile>
    <ClCompile Include="system\ecs\systems\InputHandlingSystem.cpp">
      <Filter>Source Files</Filter>
    </ClCompile>
    <ClCompile Include="system\ecs\systems\InitializeDebugRenderComponentsSystem.cpp">
      <Filter>Source Files</Filter>
    </ClCompile>
    <ClCompile Include="system\drivers\win\dx\helpers\DX12DebugRenderingSettings.cpp">
      <Filter>Source Files</Filter>
    </ClCompile>
    <ClCompile Include="utils\math\algorithms\AABB.cpp">
      <Filter>Source Files</Filter>
    </ClCompile>
    <ClCompile Include="system\ecs\systems\EntityControllerSystem.cpp">
      <Filter>Source Files</Filter>
    </ClCompile>
    <ClCompile Include="system\drivers\win\dx\helpers\XInputHandler.cpp">
      <Filter>Source Files</Filter>
    </ClCompile>
    <ClCompile Include="system\ecs\systems\ConsumablesSystem.cpp">
      <Filter>Source Files</Filter>
    </ClCompile>
    <ClCompile Include="system\ecs\components\CameraComponent.cpp">
      <Filter>Source Files</Filter>
    </ClCompile>
    <ClCompile Include="system\ecs\components\ConsumableComponent.cpp">
      <Filter>Source Files</Filter>
    </ClCompile>
    <ClCompile Include="system\ecs\components\MaterialComponent.cpp">
      <Filter>Source Files</Filter>
    </ClCompile>
    <ClCompile Include="system\ecs\components\MeshComponent.cpp">
      <Filter>Source Files</Filter>
    </ClCompile>
    <ClCompile Include="system\ecs\components\PhysicsComponent.cpp">
      <Filter>Source Files</Filter>
    </ClCompile>
    <ClCompile Include="system\ecs\components\TransformComponent.cpp">
      <Filter>Source Files</Filter>
    </ClCompile>
    <ClCompile Include="system\ecs\components\DebugRenderComponent.cpp">
      <Filter>Source Files</Filter>
    </ClCompile>
    <ClCompile Include="system\ecs\components\platform_specific\win\DX12RenderComponent.cpp">
      <Filter>Source Files</Filter>
    </ClCompile>
    <ClCompile Include="system\ecs\components\EntityControllerComponent.cpp">
      <Filter>Source Files</Filter>
    </ClCompile>
    <ClCompile Include="system\ecs\components\InputDataComponent.cpp">
      <Filter>Source Files</Filter>
    </ClCompile>
    <ClCompile Include="utils\rapidjson_utils.cpp">
      <Filter>Source Files</Filter>
    </ClCompile>
    <ClCompile Include="system\ecs\components\ChildControllerComponent.cpp">
      <Filter>Source Files</Filter>
    </ClCompile>
    <ClCompile Include="system\ecs\systems\ChildControllerSystem.cpp">
      <Filter>Source Files</Filter>
    </ClCompile>
    <ClCompile Include="system\ecs\components\LevelRequestComponent.cpp">
      <Filter>Source Files</Filter>
    </ClCompile>
    <ClCompile Include="system\drivers\win\dx\helpers\DX12GlobalRenderSettings.cpp">
      <Filter>Source Files</Filter>
    </ClCompile>
    <ClCompile Include="utils\types\Timer.cpp">
      <Filter>Source Files</Filter>
    </ClCompile>
  </ItemGroup>
  <ItemGroup>
    <ClInclude Include="lib_includes\directX_includes.h">
      <Filter>Header Files</Filter>
    </ClInclude>
    <ClInclude Include="lib_includes\win_includes.h">
      <Filter>Header Files</Filter>
    </ClInclude>
    <ClInclude Include="system\drivers\RenderDriver.h">
      <Filter>Header Files</Filter>
    </ClInclude>
    <ClInclude Include="system\Application.h">
      <Filter>Header Files</Filter>
    </ClInclude>
    <ClInclude Include="utils\patterns\singleton.h">
      <Filter>Header Files</Filter>
    </ClInclude>
    <ClInclude Include="stdafx.h">
      <Filter>Header Files</Filter>
    </ClInclude>
    <ClInclude Include="utils\snake_math.h">
      <Filter>Header Files</Filter>
    </ClInclude>
    <ClInclude Include="system\drivers\OSDriver.h">
      <Filter>Header Files</Filter>
    </ClInclude>
    <ClInclude Include="system\input\InputManager.h">
      <Filter>Header Files</Filter>
    </ClInclude>
    <ClInclude Include="utils\patterns\event.h">
      <Filter>Header Files</Filter>
    </ClInclude>
    <ClInclude Include="utils\os_defines.h">
      <Filter>Header Files</Filter>
    </ClInclude>
    <ClInclude Include="system\drivers\win\dx\DX12Driver.h">
      <Filter>Header Files</Filter>
    </ClInclude>
    <ClInclude Include="system\drivers\win\os\WinDriver.h">
      <Filter>Header Files</Filter>
    </ClInclude>
    <ClInclude Include="system\ecs\ECSManager.h">
      <Filter>Header Files</Filter>
    </ClInclude>
    <ClInclude Include="system\ecs\IComponent.h">
      <Filter>Header Files</Filter>
    </ClInclude>
    <ClInclude Include="system\ecs\EntityComponentPool.h">
      <Filter>Header Files</Filter>
    </ClInclude>
    <ClInclude Include="system\ecs\ISystem.h">
      <Filter>Header Files</Filter>
    </ClInclude>
    <ClInclude Include="system\ecs\Entity.h">
      <Filter>Header Files</Filter>
    </ClInclude>
    <ClInclude Include="system\ecs\components\TransformComponent.h">
      <Filter>Header Files</Filter>
    </ClInclude>
    <ClInclude Include="utils\types\ThreadSafeQueue.h">
      <Filter>Header Files</Filter>
    </ClInclude>
    <ClInclude Include="system\drivers\win\dx\DX12RenderTarget.h">
      <Filter>Header Files</Filter>
    </ClInclude>
    <ClInclude Include="system\drivers\win\dx\render_commands\DX12RenderCommand.h">
      <Filter>Header Files</Filter>
    </ClInclude>
    <ClInclude Include="system\drivers\win\dx\render_commands\SetupSimplePixelShaderCommand.h">
      <Filter>Header Files</Filter>
    </ClInclude>
    <ClInclude Include="system\drivers\win\dx\render_commands\DrawMeshCommand.h">
      <Filter>Header Files</Filter>
    </ClInclude>
    <ClInclude Include="system\drivers\win\dx\render_commands\DX12RenderCommandFactory.h">
      <Filter>Header Files</Filter>
    </ClInclude>
    <ClInclude Include="system\ecs\systems\Render2DSystem.h">
      <Filter>Header Files</Filter>
    </ClInclude>
    <ClInclude Include="system\ecs\components\CameraComponent.h">
      <Filter>Header Files</Filter>
    </ClInclude>
    <ClInclude Include="utils\types\arithmetic.h">
      <Filter>Header Files</Filter>
    </ClInclude>
    <ClInclude Include="system\ecs\systems\platform_specific\win\InitializeRenderComponentsSystem.h">
      <Filter>Header Files</Filter>
    </ClInclude>
    <ClInclude Include="system\ecs\components\platform_specific\win\DX12RenderComponent.h">
      <Filter>Header Files</Filter>
    </ClInclude>
    <ClInclude Include="system\drivers\win\dx\resource\DX12Resource.h">
      <Filter>Header Files</Filter>
    </ClInclude>
    <ClInclude Include="system\drivers\win\dx\resource\DX12Buffer.h">
      <Filter>Header Files</Filter>
    </ClInclude>
    <ClInclude Include="system\drivers\win\dx\pipeline\DX12CommandList.h">
      <Filter>Header Files</Filter>
    </ClInclude>
    <ClInclude Include="system\drivers\win\dx\pipeline\DX12CommandQueue.h">
      <Filter>Header Files</Filter>
    </ClInclude>
    <ClInclude Include="system\drivers\win\dx\resource_management\DX12DescriptorAllocation.h">
      <Filter>Header Files</Filter>
    </ClInclude>
    <ClInclude Include="system\drivers\win\dx\resource_management\DX12DescriptorAllocator.h">
      <Filter>Header Files</Filter>
    </ClInclude>
    <ClInclude Include="system\drivers\win\dx\resource_management\DX12DescriptorAllocatorPage.h">
      <Filter>Header Files</Filter>
    </ClInclude>
    <ClInclude Include="system\drivers\win\dx\resource_management\DX12DynamicDescriptorHeap.h">
      <Filter>Header Files</Filter>
    </ClInclude>
    <ClInclude Include="system\drivers\win\dx\helpers\DX12GenerateMipsPSO.h">
      <Filter>Header Files</Filter>
    </ClInclude>
    <ClInclude Include="system\drivers\win\dx\resource_management\DX12ResourceStateTracker.h">
      <Filter>Header Files</Filter>
    </ClInclude>
    <ClInclude Include="system\drivers\win\dx\pipeline\DX12RootSignature.h">
      <Filter>Header Files</Filter>
    </ClInclude>
    <ClInclude Include="system\drivers\win\dx\resource\DX12Texture.h">
      <Filter>Header Files</Filter>
    </ClInclude>
    <ClInclude Include="system\drivers\win\dx\resource\DX12TextureUsage.h">
      <Filter>Header Files</Filter>
    </ClInclude>
    <ClInclude Include="system\drivers\win\dx\resource\DX12VertexBuffer.h">
      <Filter>Header Files</Filter>
    </ClInclude>
    <ClInclude Include="system\drivers\win\dx\resource_management\DX12UploadBuffer.h">
      <Filter>Header Files</Filter>
    </ClInclude>
    <ClInclude Include="system\drivers\win\dx\resource\DX12ByteAddressBuffer.h">
      <Filter>Header Files</Filter>
    </ClInclude>
    <ClInclude Include="system\drivers\win\dx\resource\DX12ConstantBuffer.h">
      <Filter>Header Files</Filter>
    </ClInclude>
    <ClInclude Include="utils\types\HighResolutionClock.h">
      <Filter>Header Files</Filter>
    </ClInclude>
    <ClInclude Include="system\drivers\win\dx\resource\DX12IndexBuffer.h">
      <Filter>Header Files</Filter>
    </ClInclude>
    <ClInclude Include="system\drivers\win\dx\helpers\DX12PanoToCubemapPSO.h">
      <Filter>Header Files</Filter>
    </ClInclude>
    <ClInclude Include="system\drivers\win\dx\resource\DX12StructuredBuffer.h">
      <Filter>Header Files</Filter>
    </ClInclude>
    <ClInclude Include="system\drivers\win\dx\helpers\directX_utils.h">
      <Filter>Header Files</Filter>
    </ClInclude>
    <ClInclude Include="system\drivers\win\os\helpers\win_utils.h">
      <Filter>Header Files</Filter>
    </ClInclude>
    <ClInclude Include="system\ecs\components\MaterialComponent.h">
      <Filter>Header Files</Filter>
    </ClInclude>
    <ClInclude Include="system\ecs\systems\LevelLoadingSystem.h">
      <Filter>Header Files</Filter>
    </ClInclude>
    <ClInclude Include="utils\math\vector.h">
      <Filter>Header Files</Filter>
    </ClInclude>
    <ClInclude Include="utils\math\matrix.h">
      <Filter>Header Files</Filter>
    </ClInclude>
    <ClInclude Include="utils\math\math_utils.h">
      <Filter>Header Files</Filter>
    </ClInclude>
    <ClInclude Include="system\ecs\systems\WIP_System.h">
      <Filter>Header Files</Filter>
    </ClInclude>
    <ClInclude Include="system\ecs\components\PhysicsComponent.h">
      <Filter>Header Files</Filter>
    </ClInclude>
    <ClInclude Include="system\drivers\win\dx\render_commands\SetupAABBPixelShaderCommand.h">
      <Filter>Header Files</Filter>
    </ClInclude>
    <ClInclude Include="system\ecs\systems\PhysicsSystem.h">
      <Filter>Header Files</Filter>
    </ClInclude>
    <ClInclude Include="system\ecs\components\MeshComponent.h">
      <Filter>Header Files</Filter>
    </ClInclude>
    <ClInclude Include="utils\types\QuadTree.h">
      <Filter>Header Files</Filter>
    </ClInclude>
    <ClInclude Include="utils\math\algorithms\CollisionDetectionGJK.h">
      <Filter>Header Files</Filter>
    </ClInclude>
    <ClInclude Include="utils\math\algorithms\CollisionDetectionSAT.h">
      <Filter>Header Files</Filter>
    </ClInclude>
    <ClInclude Include="system\ecs\systems\InitializePhysicsComponentsSystem.h">
      <Filter>Header Files</Filter>
    </ClInclude>
    <ClInclude Include="system\ecs\SystemsPool.h">
      <Filter>Header Files</Filter>
    </ClInclude>
    <ClInclude Include="utils\patterns\castable.h">
      <Filter>Header Files</Filter>
    </ClInclude>
    <ClInclude Include="system\input\InputKeys.h">
      <Filter>Header Files</Filter>
    </ClInclude>
    <ClInclude Include="system\ecs\systems\InputHandlingSystem.h">
      <Filter>Header Files</Filter>
    </ClInclude>
    <ClInclude Include="system\ecs\components\DebugRenderComponent.h">
      <Filter>Header Files</Filter>
    </ClInclude>
    <ClInclude Include="system\ecs\systems\InitializeDebugRenderComponentsSystem.h">
      <Filter>Header Files</Filter>
    </ClInclude>
    <ClInclude Include="system\drivers\win\dx\helpers\DX12DebugRenderingSettings.h">
      <Filter>Header Files</Filter>
    </ClInclude>
    <ClInclude Include="utils\math\algorithms\AABB.h">
      <Filter>Header Files</Filter>
    </ClInclude>
    <ClInclude Include="system\ecs\components\EntityControllerComponent.h">
      <Filter>Header Files</Filter>
    </ClInclude>
    <ClInclude Include="system\ecs\systems\EntityControllerSystem.h">
      <Filter>Header Files</Filter>
    </ClInclude>
    <ClInclude Include="system\ecs\components\InputDataComponent.h">
      <Filter>Header Files</Filter>
    </ClInclude>
    <ClInclude Include="system\drivers\win\dx\helpers\XInputHandler.h">
      <Filter>Header Files</Filter>
    </ClInclude>
    <ClInclude Include="system\ecs\systems\ConsumablesSystem.h">
      <Filter>Header Files</Filter>
    </ClInclude>
    <ClInclude Include="system\ecs\components\ConsumableComponent.h">
      <Filter>Header Files</Filter>
    </ClInclude>
    <ClInclude Include="utils\rapidjson_utils.h">
      <Filter>Header Files</Filter>
    </ClInclude>
    <ClInclude Include="system\ecs\components\ChildControllerComponent.h">
      <Filter>Header Files</Filter>
    </ClInclude>
    <ClInclude Include="system\ecs\systems\ChildControllerSystem.h">
      <Filter>Header Files</Filter>
    </ClInclude>
    <ClInclude Include="system\ecs\components\LevelRequestComponent.h">
      <Filter>Header Files</Filter>
    </ClInclude>
    <ClInclude Include="system\drivers\win\dx\helpers\DX12GlobalRenderSettings.h">
      <Filter>Header Files</Filter>
    </ClInclude>
    <ClInclude Include="utils\types\Timer.h">
      <Filter>Header Files</Filter>
    </ClInclude>
    <ClInclude Include="system\time\TimerManager.h">
      <Filter>Header Files</Filter>
    </ClInclude>
  </ItemGroup>
  <ItemGroup>
    <FxCompile Include="resources\shaders\VS_MvpColor.hlsl" />
    <FxCompile Include="resources\shaders\PS_Color.hlsl" />
    <FxCompile Include="resources\shaders\GenerateMips_CS.hlsl" />
    <FxCompile Include="resources\shaders\VS_MvpUV.hlsl" />
    <FxCompile Include="resources\shaders\PS_UV.hlsl" />
    <FxCompile Include="resources\shaders\PanoToCubemap_CS.hlsl" />
    <FxCompile Include="resources\shaders\PS_UV_TextureArray.hlsl" />
  </ItemGroup>
  <ItemGroup>
    <None Include="utils\math\vector.inl">
      <Filter>Header Files</Filter>
    </None>
    <None Include="utils\math\matrix.inl">
      <Filter>Header Files</Filter>
    </None>
    <None Include="utils\types\QuadTree.inl">
      <Filter>Header Files</Filter>
    </None>
    <None Include="system\ecs\EntityComponentPool.inl">
      <Filter>Header Files</Filter>
    </None>
    <None Include="system\ecs\ECSManager.inl">
      <Filter>Header Files</Filter>
    </None>
  </ItemGroup>
</Project>