<?xml version="1.0" encoding="utf-8"?>
<Project ToolsVersion="4.0" xmlns="http://schemas.microsoft.com/developer/msbuild/2003">
  <ItemGroup>
    <Filter Include="Source Files">
      <UniqueIdentifier>{4FC737F1-C7A5-4376-A066-2A32D752A2FF}</UniqueIdentifier>
      <Extensions>cpp;c;cc;cxx;c++;def;odl;idl;hpj;bat;asm;asmx</Extensions>
    </Filter>
    <Filter Include="Header Files">
      <UniqueIdentifier>{93995380-89BD-4b04-88EB-625FBE52EBFB}</UniqueIdentifier>
      <Extensions>h;hh;hpp;hxx;h++;hm;inl;inc;ipp;xsd</Extensions>
    </Filter>
    <Filter Include="Resource Files">
      <UniqueIdentifier>{67DA6AB6-F800-4c08-8B7A-83BB121AAD01}</UniqueIdentifier>
      <Extensions>rc;ico;cur;bmp;dlg;rc2;rct;bin;rgs;gif;jpg;jpeg;jpe;resx;tiff;tif;png;wav;mfcribbon-ms</Extensions>
    </Filter>
  </ItemGroup>
  <ItemGroup>
    <ClCompile Include="main.cpp">
      <Filter>Source Files</Filter>
    </ClCompile>
    <ClCompile Include="utils\win_utils.cpp">
      <Filter>Source Files</Filter>
    </ClCompile>
    <ClCompile Include="system\drivers\RenderDriver.cpp">
      <Filter>Source Files</Filter>
    </ClCompile>
    <ClCompile Include="system\Application.cpp">
      <Filter>Source Files</Filter>
    </ClCompile>
    <ClCompile Include="system\drivers\OSDriver.cpp">
      <Filter>Source Files</Filter>
    </ClCompile>
    <ClCompile Include="stdafx.cpp">
      <Filter>Source Files</Filter>
    </ClCompile>
    <ClCompile Include="system\input\InputManager.cpp">
      <Filter>Source Files</Filter>
    </ClCompile>
    <ClCompile Include="system\drivers\win\dx\DX12Driver.cpp">
      <Filter>Source Files</Filter>
    </ClCompile>
    <ClCompile Include="system\drivers\win\os\WinDriver.cpp">
      <Filter>Source Files</Filter>
    </ClCompile>
    <ClCompile Include="system\drivers\win\dx\DX12CommandQueue.cpp">
      <Filter>Source Files</Filter>
    </ClCompile>
    <ClCompile Include="system\ecs\ECSManager.cpp">
      <Filter>Source Files</Filter>
    </ClCompile>
    <ClCompile Include="system\ecs\IComponent.cpp">
      <Filter>Source Files</Filter>
    </ClCompile>
    <ClCompile Include="system\ecs\ComponentsPool.cpp">
      <Filter>Source Files</Filter>
    </ClCompile>
    <ClCompile Include="system\ecs\ISystem.cpp">
      <Filter>Source Files</Filter>
    </ClCompile>
    <ClCompile Include="system\ecs\Entity.cpp">
      <Filter>Source Files</Filter>
    </ClCompile>
    <ClCompile Include="system\ecs\systems\platform_specific\LoadMaterialsSystem.cpp">
      <Filter>Source Files</Filter>
    </ClCompile>
    <ClCompile Include="system\ecs\systems\platform_specific\InitializeRenderComponentsSystem.cpp">
      <Filter>Source Files</Filter>
    </ClCompile>
    <ClCompile Include="system\ecs\systems\InitializeTransformComponentsSystem.cpp">
      <Filter>Source Files</Filter>
    </ClCompile>
    <ClCompile Include="system\ecs\systems\InitializeEntitiesSystem.cpp">
      <Filter>Source Files</Filter>
    </ClCompile>
    <ClCompile Include="system\ecs\systems\platform_specific\RenderSystem.cpp">
      <Filter>Source Files</Filter>
    </ClCompile>
    <ClCompile Include="system\ecs\systems\RotateCubeSystem.cpp">
      <Filter>Source Files</Filter>
    </ClCompile>
  </ItemGroup>
  <ItemGroup>
    <ClInclude Include="lib_includes\directX_includes.h">
      <Filter>Header Files</Filter>
    </ClInclude>
    <ClInclude Include="lib_includes\win_includes.h">
      <Filter>Header Files</Filter>
    </ClInclude>
    <ClInclude Include="utils\directX_utils.h">
      <Filter>Header Files</Filter>
    </ClInclude>
    <ClInclude Include="utils\win_utils.h">
      <Filter>Header Files</Filter>
    </ClInclude>
    <ClInclude Include="system\drivers\RenderDriver.h">
      <Filter>Header Files</Filter>
    </ClInclude>
    <ClInclude Include="system\Application.h">
      <Filter>Header Files</Filter>
    </ClInclude>
    <ClInclude Include="utils\patterns\singleton.h">
      <Filter>Header Files</Filter>
    </ClInclude>
    <ClInclude Include="stdafx.h">
      <Filter>Header Files</Filter>
    </ClInclude>
    <ClInclude Include="utils\snake_math.h">
      <Filter>Header Files</Filter>
    </ClInclude>
    <ClInclude Include="system\drivers\OSDriver.h">
      <Filter>Header Files</Filter>
    </ClInclude>
    <ClInclude Include="system\input\InputManager.h">
      <Filter>Header Files</Filter>
    </ClInclude>
    <ClInclude Include="utils\patterns\event.h">
      <Filter>Header Files</Filter>
    </ClInclude>
    <ClInclude Include="utils\os_defines.h">
      <Filter>Header Files</Filter>
    </ClInclude>
    <ClInclude Include="system\drivers\win\dx\DX12Driver.h">
      <Filter>Header Files</Filter>
    </ClInclude>
    <ClInclude Include="system\drivers\win\os\WinDriver.h">
      <Filter>Header Files</Filter>
    </ClInclude>
    <ClInclude Include="system\drivers\win\dx\DX12CommandQueue.h">
      <Filter>Header Files</Filter>
    </ClInclude>
    <ClInclude Include="system\ecs\ECSManager.h">
      <Filter>Header Files</Filter>
    </ClInclude>
    <ClInclude Include="third_party\rapidjson\allocators.h">
      <Filter>Header Files</Filter>
    </ClInclude>
    <ClInclude Include="third_party\rapidjson\cursorstreamwrapper.h">
      <Filter>Header Files</Filter>
    </ClInclude>
    <ClInclude Include="third_party\rapidjson\document.h">
      <Filter>Header Files</Filter>
    </ClInclude>
    <ClInclude Include="third_party\rapidjson\encodedstream.h">
      <Filter>Header Files</Filter>
    </ClInclude>
    <ClInclude Include="third_party\rapidjson\encodings.h">
      <Filter>Header Files</Filter>
    </ClInclude>
    <ClInclude Include="third_party\rapidjson\filereadstream.h">
      <Filter>Header Files</Filter>
    </ClInclude>
    <ClInclude Include="third_party\rapidjson\filewritestream.h">
      <Filter>Header Files</Filter>
    </ClInclude>
    <ClInclude Include="third_party\rapidjson\fwd.h">
      <Filter>Header Files</Filter>
    </ClInclude>
    <ClInclude Include="third_party\rapidjson\istreamwrapper.h">
      <Filter>Header Files</Filter>
    </ClInclude>
    <ClInclude Include="third_party\rapidjson\memorybuffer.h">
      <Filter>Header Files</Filter>
    </ClInclude>
    <ClInclude Include="third_party\rapidjson\memorystream.h">
      <Filter>Header Files</Filter>
    </ClInclude>
    <ClInclude Include="third_party\rapidjson\ostreamwrapper.h">
      <Filter>Header Files</Filter>
    </ClInclude>
    <ClInclude Include="third_party\rapidjson\pointer.h">
      <Filter>Header Files</Filter>
    </ClInclude>
    <ClInclude Include="third_party\rapidjson\prettywriter.h">
      <Filter>Header Files</Filter>
    </ClInclude>
    <ClInclude Include="third_party\rapidjson\rapidjson.h">
      <Filter>Header Files</Filter>
    </ClInclude>
    <ClInclude Include="third_party\rapidjson\reader.h">
      <Filter>Header Files</Filter>
    </ClInclude>
    <ClInclude Include="third_party\rapidjson\schema.h">
      <Filter>Header Files</Filter>
    </ClInclude>
    <ClInclude Include="third_party\rapidjson\stream.h">
      <Filter>Header Files</Filter>
    </ClInclude>
    <ClInclude Include="third_party\rapidjson\stringbuffer.h">
      <Filter>Header Files</Filter>
    </ClInclude>
    <ClInclude Include="third_party\rapidjson\writer.h">
      <Filter>Header Files</Filter>
    </ClInclude>
    <ClInclude Include="third_party\rapidjson\error\en.h">
      <Filter>Header Files</Filter>
    </ClInclude>
    <ClInclude Include="third_party\rapidjson\error\error.h">
      <Filter>Header Files</Filter>
    </ClInclude>
    <ClInclude Include="third_party\rapidjson\internal\biginteger.h">
      <Filter>Header Files</Filter>
    </ClInclude>
    <ClInclude Include="third_party\rapidjson\internal\clzll.h">
      <Filter>Header Files</Filter>
    </ClInclude>
    <ClInclude Include="third_party\rapidjson\internal\diyfp.h">
      <Filter>Header Files</Filter>
    </ClInclude>
    <ClInclude Include="third_party\rapidjson\internal\dtoa.h">
      <Filter>Header Files</Filter>
    </ClInclude>
    <ClInclude Include="third_party\rapidjson\internal\ieee754.h">
      <Filter>Header Files</Filter>
    </ClInclude>
    <ClInclude Include="third_party\rapidjson\internal\itoa.h">
      <Filter>Header Files</Filter>
    </ClInclude>
    <ClInclude Include="third_party\rapidjson\internal\meta.h">
      <Filter>Header Files</Filter>
    </ClInclude>
    <ClInclude Include="third_party\rapidjson\internal\pow10.h">
      <Filter>Header Files</Filter>
    </ClInclude>
    <ClInclude Include="third_party\rapidjson\internal\regex.h">
      <Filter>Header Files</Filter>
    </ClInclude>
    <ClInclude Include="third_party\rapidjson\internal\stack.h">
      <Filter>Header Files</Filter>
    </ClInclude>
    <ClInclude Include="third_party\rapidjson\internal\strfunc.h">
      <Filter>Header Files</Filter>
    </ClInclude>
    <ClInclude Include="third_party\rapidjson\internal\strtod.h">
      <Filter>Header Files</Filter>
    </ClInclude>
    <ClInclude Include="third_party\rapidjson\internal\swap.h">
      <Filter>Header Files</Filter>
    </ClInclude>
    <ClInclude Include="third_party\rapidjson\msinttypes\inttypes.h">
      <Filter>Header Files</Filter>
    </ClInclude>
    <ClInclude Include="third_party\rapidjson\msinttypes\stdint.h">
      <Filter>Header Files</Filter>
    </ClInclude>
    <ClInclude Include="system\ecs\IComponent.h">
      <Filter>Header Files</Filter>
    </ClInclude>
    <ClInclude Include="system\ecs\ComponentsPool.h">
      <Filter>Header Files</Filter>
    </ClInclude>
    <ClInclude Include="system\ecs\ISystem.h">
      <Filter>Header Files</Filter>
    </ClInclude>
    <ClInclude Include="system\ecs\Entity.h">
      <Filter>Header Files</Filter>
    </ClInclude>
    <ClInclude Include="system\ecs\components\platform_specific\DX12MaterialComponent.h">
      <Filter>Header Files</Filter>
    </ClInclude>
    <ClInclude Include="system\ecs\components\platform_specific\DX12RenderComponent.h">
      <Filter>Header Files</Filter>
    </ClInclude>
    <ClInclude Include="system\ecs\components\TransformComponent.h">
      <Filter>Header Files</Filter>
    </ClInclude>
    <ClInclude Include="system\ecs\systems\platform_specific\LoadMaterialsSystem.h">
      <Filter>Header Files</Filter>
    </ClInclude>
    <ClInclude Include="system\ecs\systems\platform_specific\InitializeRenderComponentsSystem.h">
      <Filter>Header Files</Filter>
    </ClInclude>
    <ClInclude Include="system\ecs\systems\InitializeTransformComponentsSystem.h">
      <Filter>Header Files</Filter>
    </ClInclude>
    <ClInclude Include="system\ecs\systems\InitializeEntitiesSystem.h">
      <Filter>Header Files</Filter>
    </ClInclude>
    <ClInclude Include="system\ecs\systems\platform_specific\RenderSystem.h">
      <Filter>Header Files</Filter>
    </ClInclude>
    <ClInclude Include="system\ecs\systems\RotateCubeSystem.h">
      <Filter>Header Files</Filter>
    </ClInclude>
  </ItemGroup>
  <ItemGroup>
    <FxCompile Include="resources\shaders\VS_MvpColor.hlsl" />
    <FxCompile Include="resources\shaders\PS_Color.hlsl" />
  </ItemGroup>
</Project>